
Microsoft Visual Studio Solution File, Format Version 12.00
# Visual Studio 15
VisualStudioVersion = 15.0.27428.2037
MinimumVisualStudioVersion = 10.0.40219.1
Project("{FAE04EC0-301F-11D3-BF4B-00C04F79EFBC}") = "ComSend", "ComSend\ComSend.csproj", "{8BB26E80-1CDF-4ED5-BA79-DC9B66C0050B}"
EndProject
Global
	GlobalSection(SolutionConfigurationPlatforms) = preSolution
		Debug|Any CPU = Debug|Any CPU
		Release|Any CPU = Release|Any CPU
	EndGlobalSection
	GlobalSection(ProjectConfigurationPlatforms) = postSolution
		{8BB26E80-1CDF-4ED5-BA79-DC9B66C0050B}.Debug|Any CPU.ActiveCfg = Debug|Any CPU
		{8BB26E80-1CDF-4ED5-BA79-DC9B66C0050B}.Debug|Any CPU.Build.0 = Debug|Any CPU
		{8BB26E80-1CDF-4ED5-BA79-DC9B66C0050B}.Release|Any CPU.ActiveCfg = Release|Any CPU
		{8BB26E80-1CDF-4ED5-BA79-DC9B66C0050B}.Release|Any CPU.Build.0 = Release|Any CPU
	EndGlobalSection
	GlobalSection(SolutionProperties) = preSolution
		HideSolutionNode = FALSE
	EndGlobalSection
	GlobalSection(ExtensibilityGlobals) = postSolution
		SolutionGuid = {141A6352-2055-44A9-9F87-778CED8B2699}
	EndGlobalSection
EndGlobal
